
Microsoft Visual Studio Solution File, Format Version 12.00
# Visual Studio Version 17
VisualStudioVersion = 17.0.31903.59
MinimumVisualStudioVersion = 10.0.40219.1
Project("{FAE04EC0-301F-11D3-BF4B-00C04F79EFBC}") = "HumanReadableTime.TimeFormat", "HumanReadableTime.TimeFormat\HumanReadableTime.TimeFormat.csproj", "{203D9D2F-D894-4DFC-A3E8-4876F0711EA1}"
EndProject
Project("{FAE04EC0-301F-11D3-BF4B-00C04F79EFBC}") = "HumanReadableTime.TimeFormat.Test", "HumanReadableTime.TimeFormat.Test\HumanReadableTime.TimeFormat.Test.csproj", "{863618DF-E4B6-494C-85D9-1DD3B6A571F1}"
EndProject
Global
	GlobalSection(SolutionConfigurationPlatforms) = preSolution
		Debug|Any CPU = Debug|Any CPU
		Release|Any CPU = Release|Any CPU
	EndGlobalSection
	GlobalSection(SolutionProperties) = preSolution
		HideSolutionNode = FALSE
	EndGlobalSection
	GlobalSection(ProjectConfigurationPlatforms) = postSolution
		{203D9D2F-D894-4DFC-A3E8-4876F0711EA1}.Debug|Any CPU.ActiveCfg = Debug|Any CPU
		{203D9D2F-D894-4DFC-A3E8-4876F0711EA1}.Debug|Any CPU.Build.0 = Debug|Any CPU
		{203D9D2F-D894-4DFC-A3E8-4876F0711EA1}.Release|Any CPU.ActiveCfg = Release|Any CPU
		{203D9D2F-D894-4DFC-A3E8-4876F0711EA1}.Release|Any CPU.Build.0 = Release|Any CPU
		{863618DF-E4B6-494C-85D9-1DD3B6A571F1}.Debug|Any CPU.ActiveCfg = Debug|Any CPU
		{863618DF-E4B6-494C-85D9-1DD3B6A571F1}.Debug|Any CPU.Build.0 = Debug|Any CPU
		{863618DF-E4B6-494C-85D9-1DD3B6A571F1}.Release|Any CPU.ActiveCfg = Release|Any CPU
		{863618DF-E4B6-494C-85D9-1DD3B6A571F1}.Release|Any CPU.Build.0 = Release|Any CPU
	EndGlobalSection
EndGlobal
